
Microsoft Visual Studio Solution File, Format Version 12.00
# Visual Studio Version 17
VisualStudioVersion = 17.4.33213.308
MinimumVisualStudioVersion = 10.0.40219.1
Project("{FAE04EC0-301F-11D3-BF4B-00C04F79EFBC}") = "Final-Fantasy", "Final-Fantasy\Final-Fantasy.csproj", "{A6A395F3-2292-464F-A268-F1A516316181}"
EndProject
Project("{FAE04EC0-301F-11D3-BF4B-00C04F79EFBC}") = "TestProjet", "TestProjet\TestProjet.csproj", "{D01B7615-AB20-445C-9F2C-41B273CCB845}"
EndProject
Global
	GlobalSection(SolutionConfigurationPlatforms) = preSolution
		Debug|Any CPU = Debug|Any CPU
		Release|Any CPU = Release|Any CPU
	EndGlobalSection
	GlobalSection(ProjectConfigurationPlatforms) = postSolution
		{A6A395F3-2292-464F-A268-F1A516316181}.Debug|Any CPU.ActiveCfg = Debug|Any CPU
		{A6A395F3-2292-464F-A268-F1A516316181}.Debug|Any CPU.Build.0 = Debug|Any CPU
		{A6A395F3-2292-464F-A268-F1A516316181}.Release|Any CPU.ActiveCfg = Release|Any CPU
		{A6A395F3-2292-464F-A268-F1A516316181}.Release|Any CPU.Build.0 = Release|Any CPU
		{D01B7615-AB20-445C-9F2C-41B273CCB845}.Debug|Any CPU.ActiveCfg = Debug|Any CPU
		{D01B7615-AB20-445C-9F2C-41B273CCB845}.Debug|Any CPU.Build.0 = Debug|Any CPU
		{D01B7615-AB20-445C-9F2C-41B273CCB845}.Release|Any CPU.ActiveCfg = Release|Any CPU
		{D01B7615-AB20-445C-9F2C-41B273CCB845}.Release|Any CPU.Build.0 = Release|Any CPU
	EndGlobalSection
	GlobalSection(SolutionProperties) = preSolution
		HideSolutionNode = FALSE
	EndGlobalSection
	GlobalSection(ExtensibilityGlobals) = postSolution
		SolutionGuid = {21E96531-4704-48B4-A0EB-00DB59EEE908}
	EndGlobalSection
EndGlobal
